
Microsoft Visual Studio Solution File, Format Version 12.00
# Visual Studio Version 17
VisualStudioVersion = 17.11.35327.3
MinimumVisualStudioVersion = 10.0.40219.1
Project("{FAE04EC0-301F-11D3-BF4B-00C04F79EFBC}") = "A_FileView", "A_FileView\A_FileView.csproj", "{F75B2538-A6B6-45C3-A469-267530D81CA4}"
EndProject
Global
	GlobalSection(SolutionConfigurationPlatforms) = preSolution
		Debug|Any CPU = Debug|Any CPU
		Release|Any CPU = Release|Any CPU
	EndGlobalSection
	GlobalSection(ProjectConfigurationPlatforms) = postSolution
		{F75B2538-A6B6-45C3-A469-267530D81CA4}.Debug|Any CPU.ActiveCfg = Debug|Any CPU
		{F75B2538-A6B6-45C3-A469-267530D81CA4}.Debug|Any CPU.Build.0 = Debug|Any CPU
		{F75B2538-A6B6-45C3-A469-267530D81CA4}.Release|Any CPU.ActiveCfg = Release|Any CPU
		{F75B2538-A6B6-45C3-A469-267530D81CA4}.Release|Any CPU.Build.0 = Release|Any CPU
	EndGlobalSection
	GlobalSection(SolutionProperties) = preSolution
		HideSolutionNode = FALSE
	EndGlobalSection
	GlobalSection(ExtensibilityGlobals) = postSolution
		SolutionGuid = {67ED322D-0DFA-4763-9E39-2DB94454E9B3}
	EndGlobalSection
EndGlobal
